
Microsoft Visual Studio Solution File, Format Version 12.00
# Visual Studio Version 17
VisualStudioVersion = 17.11.35327.3
MinimumVisualStudioVersion = 10.0.40219.1
Project("{FAE04EC0-301F-11D3-BF4B-00C04F79EFBC}") = "Question2_CC", "Question2_CC\Question2_CC.csproj", "{B7283926-C4CC-4E1E-B10E-9556032A97CB}"
EndProject
Global
	GlobalSection(SolutionConfigurationPlatforms) = preSolution
		Debug|Any CPU = Debug|Any CPU
		Release|Any CPU = Release|Any CPU
	EndGlobalSection
	GlobalSection(ProjectConfigurationPlatforms) = postSolution
		{B7283926-C4CC-4E1E-B10E-9556032A97CB}.Debug|Any CPU.ActiveCfg = Debug|Any CPU
		{B7283926-C4CC-4E1E-B10E-9556032A97CB}.Debug|Any CPU.Build.0 = Debug|Any CPU
		{B7283926-C4CC-4E1E-B10E-9556032A97CB}.Release|Any CPU.ActiveCfg = Release|Any CPU
		{B7283926-C4CC-4E1E-B10E-9556032A97CB}.Release|Any CPU.Build.0 = Release|Any CPU
	EndGlobalSection
	GlobalSection(SolutionProperties) = preSolution
		HideSolutionNode = FALSE
	EndGlobalSection
	GlobalSection(ExtensibilityGlobals) = postSolution
		SolutionGuid = {F4279E01-E23B-4F2C-A1B5-C68CD6CC8F5F}
	EndGlobalSection
EndGlobal
